// !$*UTF8*$!
{
	archiveVersion = 1;
	classes = {
	};
	objectVersion = 56;
	objects = {

/* Begin PBXBuildFile section */
		FCD82A1F2A06B052001D38B6 /* MainTabView.swift in Sources */ = {isa = PBXBuildFile; fileRef = FCD82A1E2A06B052001D38B6 /* MainTabView.swift */; };
		FCD82A252A06B693001D38B6 /* ExploreView.swift in Sources */ = {isa = PBXBuildFile; fileRef = FCD82A242A06B693001D38B6 /* ExploreView.swift */; };
		FCD82A272A06B6AB001D38B6 /* NotificationsView.swift in Sources */ = {isa = PBXBuildFile; fileRef = FCD82A262A06B6AB001D38B6 /* NotificationsView.swift */; };
		FCD82A292A06B6C2001D38B6 /* MessagesView.swift in Sources */ = {isa = PBXBuildFile; fileRef = FCD82A282A06B6C2001D38B6 /* MessagesView.swift */; };
		FCEC770B2A0625600051D16E /* TwitterClone_iOSApp.swift in Sources */ = {isa = PBXBuildFile; fileRef = FCEC770A2A0625600051D16E /* TwitterClone_iOSApp.swift */; };
		FCEC770D2A0625600051D16E /* ContentView.swift in Sources */ = {isa = PBXBuildFile; fileRef = FCEC770C2A0625600051D16E /* ContentView.swift */; };
		FCEC770F2A0625600051D16E /* Assets.xcassets in Resources */ = {isa = PBXBuildFile; fileRef = FCEC770E2A0625600051D16E /* Assets.xcassets */; };
		FCEC77122A0625600051D16E /* Preview Assets.xcassets in Resources */ = {isa = PBXBuildFile; fileRef = FCEC77112A0625600051D16E /* Preview Assets.xcassets */; };
		FCEC77212A0628070051D16E /* FeedView.swift in Sources */ = {isa = PBXBuildFile; fileRef = FCEC77202A0628070051D16E /* FeedView.swift */; };
		FCEC77242A063CB20051D16E /* TweetRowView.swift in Sources */ = {isa = PBXBuildFile; fileRef = FCEC77232A063CB20051D16E /* TweetRowView.swift */; };
/* End PBXBuildFile section */

/* Begin PBXFileReference section */
		FCD82A1E2A06B052001D38B6 /* MainTabView.swift */ = {isa = PBXFileReference; lastKnownFileType = sourcecode.swift; path = MainTabView.swift; sourceTree = "<group>"; };
		FCD82A242A06B693001D38B6 /* ExploreView.swift */ = {isa = PBXFileReference; lastKnownFileType = sourcecode.swift; path = ExploreView.swift; sourceTree = "<group>"; };
		FCD82A262A06B6AB001D38B6 /* NotificationsView.swift */ = {isa = PBXFileReference; lastKnownFileType = sourcecode.swift; path = NotificationsView.swift; sourceTree = "<group>"; };
		FCD82A282A06B6C2001D38B6 /* MessagesView.swift */ = {isa = PBXFileReference; lastKnownFileType = sourcecode.swift; path = MessagesView.swift; sourceTree = "<group>"; };
		FCEC77072A0625600051D16E /* TwitterClone_iOS.app */ = {isa = PBXFileReference; explicitFileType = wrapper.application; includeInIndex = 0; path = TwitterClone_iOS.app; sourceTree = BUILT_PRODUCTS_DIR; };
		FCEC770A2A0625600051D16E /* TwitterClone_iOSApp.swift */ = {isa = PBXFileReference; lastKnownFileType = sourcecode.swift; path = TwitterClone_iOSApp.swift; sourceTree = "<group>"; };
		FCEC770C2A0625600051D16E /* ContentView.swift */ = {isa = PBXFileReference; lastKnownFileType = sourcecode.swift; path = ContentView.swift; sourceTree = "<group>"; };
		FCEC770E2A0625600051D16E /* Assets.xcassets */ = {isa = PBXFileReference; lastKnownFileType = folder.assetcatalog; path = Assets.xcassets; sourceTree = "<group>"; };
		FCEC77112A0625600051D16E /* Preview Assets.xcassets */ = {isa = PBXFileReference; lastKnownFileType = folder.assetcatalog; path = "Preview Assets.xcassets"; sourceTree = "<group>"; };
		FCEC77202A0628070051D16E /* FeedView.swift */ = {isa = PBXFileReference; lastKnownFileType = sourcecode.swift; path = FeedView.swift; sourceTree = "<group>"; };
		FCEC77232A063CB20051D16E /* TweetRowView.swift */ = {isa = PBXFileReference; lastKnownFileType = sourcecode.swift; path = TweetRowView.swift; sourceTree = "<group>"; };
/* End PBXFileReference section */

/* Begin PBXFrameworksBuildPhase section */
		FCEC77042A0625600051D16E /* Frameworks */ = {
			isa = PBXFrameworksBuildPhase;
			buildActionMask = 2147483647;
			files = (
			);
			runOnlyForDeploymentPostprocessing = 0;
		};
/* End PBXFrameworksBuildPhase section */

/* Begin PBXGroup section */
		FCD82A1D2A06B03C001D38B6 /* MainTab */ = {
			isa = PBXGroup;
			children = (
				FCD82A1E2A06B052001D38B6 /* MainTabView.swift */,
			);
			path = MainTab;
			sourceTree = "<group>";
		};
		FCD82A202A06B655001D38B6 /* Messages */ = {
			isa = PBXGroup;
			children = (
				FCD82A282A06B6C2001D38B6 /* MessagesView.swift */,
			);
			path = Messages;
			sourceTree = "<group>";
		};
		FCD82A212A06B658001D38B6 /* Notifications */ = {
			isa = PBXGroup;
			children = (
				FCD82A262A06B6AB001D38B6 /* NotificationsView.swift */,
			);
			path = Notifications;
			sourceTree = "<group>";
		};
		FCD82A222A06B65B001D38B6 /* Explore */ = {
			isa = PBXGroup;
			children = (
				FCD82A242A06B693001D38B6 /* ExploreView.swift */,
			);
			path = Explore;
			sourceTree = "<group>";
		};
		FCD82A232A06B674001D38B6 /* Profile */ = {
			isa = PBXGroup;
			children = (
			);
			path = Profile;
			sourceTree = "<group>";
		};
		FCEC76FE2A0625600051D16E = {
			isa = PBXGroup;
			children = (
				FCEC77092A0625600051D16E /* TwitterClone_iOS */,
				FCEC77082A0625600051D16E /* Products */,
			);
			sourceTree = "<group>";
		};
		FCEC77082A0625600051D16E /* Products */ = {
			isa = PBXGroup;
			children = (
				FCEC77072A0625600051D16E /* TwitterClone_iOS.app */,
			);
			name = Products;
			sourceTree = "<group>";
		};
		FCEC77092A0625600051D16E /* TwitterClone_iOS */ = {
			isa = PBXGroup;
			children = (
				FCEC771B2A0627480051D16E /* Extensions */,
				FCEC771A2A0627470051D16E /* Model */,
				FCEC77192A0627450051D16E /* Service */,
				FCEC77182A0627380051D16E /* Core */,
				FCEC770A2A0625600051D16E /* TwitterClone_iOSApp.swift */,
				FCEC770C2A0625600051D16E /* ContentView.swift */,
				FCEC770E2A0625600051D16E /* Assets.xcassets */,
				FCEC77102A0625600051D16E /* Preview Content */,
			);
			path = TwitterClone_iOS;
			sourceTree = "<group>";
		};
		FCEC77102A0625600051D16E /* Preview Content */ = {
			isa = PBXGroup;
			children = (
				FCEC77112A0625600051D16E /* Preview Assets.xcassets */,
			);
			path = "Preview Content";
			sourceTree = "<group>";
		};
		FCEC77182A0627380051D16E /* Core */ = {
			isa = PBXGroup;
			children = (
				FCEC771C2A0627920051D16E /* Components */,
				FCD82A232A06B674001D38B6 /* Profile */,
				FCD82A222A06B65B001D38B6 /* Explore */,
				FCD82A212A06B658001D38B6 /* Notifications */,
				FCD82A202A06B655001D38B6 /* Messages */,
				FCD82A1D2A06B03C001D38B6 /* MainTab */,
				FCEC771D2A06279B0051D16E /* Feed */,
			);
			path = Core;
			sourceTree = "<group>";
		};
		FCEC77192A0627450051D16E /* Service */ = {
			isa = PBXGroup;
			children = (
			);
			path = Service;
			sourceTree = "<group>";
		};
		FCEC771A2A0627470051D16E /* Model */ = {
			isa = PBXGroup;
			children = (
			);
			path = Model;
			sourceTree = "<group>";
		};
		FCEC771B2A0627480051D16E /* Extensions */ = {
			isa = PBXGroup;
			children = (
			);
			path = Extensions;
			sourceTree = "<group>";
		};
		FCEC771C2A0627920051D16E /* Components */ = {
			isa = PBXGroup;
			children = (
				FCEC77222A063A8D0051D16E /* Tweets */,
			);
			path = Components;
			sourceTree = "<group>";
		};
		FCEC771D2A06279B0051D16E /* Feed */ = {
			isa = PBXGroup;
			children = (
				FCEC771F2A0627E60051D16E /* View */,
				FCEC771E2A0627DC0051D16E /* ViewModels */,
			);
			path = Feed;
			sourceTree = "<group>";
		};
		FCEC771E2A0627DC0051D16E /* ViewModels */ = {
			isa = PBXGroup;
			children = (
			);
			path = ViewModels;
			sourceTree = "<group>";
		};
		FCEC771F2A0627E60051D16E /* View */ = {
			isa = PBXGroup;
			children = (
				FCEC77202A0628070051D16E /* FeedView.swift */,
			);
			path = View;
			sourceTree = "<group>";
		};
		FCEC77222A063A8D0051D16E /* Tweets */ = {
			isa = PBXGroup;
			children = (
				FCEC77232A063CB20051D16E /* TweetRowView.swift */,
			);
			path = Tweets;
			sourceTree = "<group>";
		};
/* End PBXGroup section */

/* Begin PBXNativeTarget section */
		FCEC77062A0625600051D16E /* TwitterClone_iOS */ = {
			isa = PBXNativeTarget;
			buildConfigurationList = FCEC77152A0625600051D16E /* Build configuration list for PBXNativeTarget "TwitterClone_iOS" */;
			buildPhases = (
				FCEC77032A0625600051D16E /* Sources */,
				FCEC77042A0625600051D16E /* Frameworks */,
				FCEC77052A0625600051D16E /* Resources */,
			);
			buildRules = (
			);
			dependencies = (
			);
			name = TwitterClone_iOS;
			productName = TwitterClone_iOS;
			productReference = FCEC77072A0625600051D16E /* TwitterClone_iOS.app */;
			productType = "com.apple.product-type.application";
		};
/* End PBXNativeTarget section */

/* Begin PBXProject section */
		FCEC76FF2A0625600051D16E /* Project object */ = {
			isa = PBXProject;
			attributes = {
				BuildIndependentTargetsInParallel = 1;
				LastSwiftUpdateCheck = 1410;
				LastUpgradeCheck = 1410;
				TargetAttributes = {
					FCEC77062A0625600051D16E = {
						CreatedOnToolsVersion = 14.1;
					};
				};
			};
			buildConfigurationList = FCEC77022A0625600051D16E /* Build configuration list for PBXProject "TwitterClone_iOS" */;
			compatibilityVersion = "Xcode 14.0";
			developmentRegion = en;
			hasScannedForEncodings = 0;
			knownRegions = (
				en,
				Base,
			);
			mainGroup = FCEC76FE2A0625600051D16E;
			productRefGroup = FCEC77082A0625600051D16E /* Products */;
			projectDirPath = "";
			projectRoot = "";
			targets = (
				FCEC77062A0625600051D16E /* TwitterClone_iOS */,
			);
		};
/* End PBXProject section */

/* Begin PBXResourcesBuildPhase section */
		FCEC77052A0625600051D16E /* Resources */ = {
			isa = PBXResourcesBuildPhase;
			buildActionMask = 2147483647;
			files = (
				FCEC77122A0625600051D16E /* Preview Assets.xcassets in Resources */,
				FCEC770F2A0625600051D16E /* Assets.xcassets in Resources */,
			);
			runOnlyForDeploymentPostprocessing = 0;
		};
/* End PBXResourcesBuildPhase section */

/* Begin PBXSourcesBuildPhase section */
		FCEC77032A0625600051D16E /* Sources */ = {
			isa = PBXSourcesBuildPhase;
			buildActionMask = 2147483647;
			files = (
				FCD82A292A06B6C2001D38B6 /* MessagesView.swift in Sources */,
				FCEC770D2A0625600051D16E /* ContentView.swift in Sources */,
				FCEC77242A063CB20051D16E /* TweetRowView.swift in Sources */,
				FCEC77212A0628070051D16E /* FeedView.swift in Sources */,
				FCEC770B2A0625600051D16E /* TwitterClone_iOSApp.swift in Sources */,
				FCD82A252A06B693001D38B6 /* ExploreView.swift in Sources */,
				FCD82A1F2A06B052001D38B6 /* MainTabView.swift in Sources */,
				FCD82A272A06B6AB001D38B6 /* NotificationsView.swift in Sources */,
			);
			runOnlyForDeploymentPostprocessing = 0;
		};
/* End PBXSourcesBuildPhase section */

/* Begin XCBuildConfiguration section */
		FCEC77132A0625600051D16E /* Debug */ = {
			isa = XCBuildConfiguration;
			buildSettings = {
				ALWAYS_SEARCH_USER_PATHS = NO;
				CLANG_ANALYZER_NONNULL = YES;
				CLANG_ANALYZER_NUMBER_OBJECT_CONVERSION = YES_AGGRESSIVE;
				CLANG_CXX_LANGUAGE_STANDARD = "gnu++20";
				CLANG_ENABLE_MODULES = YES;
				CLANG_ENABLE_OBJC_ARC = YES;
				CLANG_ENABLE_OBJC_WEAK = YES;
				CLANG_WARN_BLOCK_CAPTURE_AUTORELEASING = YES;
				CLANG_WARN_BOOL_CONVERSION = YES;
				CLANG_WARN_COMMA = YES;
				CLANG_WARN_CONSTANT_CONVERSION = YES;
				CLANG_WARN_DEPRECATED_OBJC_IMPLEMENTATIONS = YES;
				CLANG_WARN_DIRECT_OBJC_ISA_USAGE = YES_ERROR;
				CLANG_WARN_DOCUMENTATION_COMMENTS = YES;
				CLANG_WARN_EMPTY_BODY = YES;
				CLANG_WARN_ENUM_CONVERSION = YES;
				CLANG_WARN_INFINITE_RECURSION = YES;
				CLANG_WARN_INT_CONVERSION = YES;
				CLANG_WARN_NON_LITERAL_NULL_CONVERSION = YES;
				CLANG_WARN_OBJC_IMPLICIT_RETAIN_SELF = YES;
				CLANG_WARN_OBJC_LITERAL_CONVERSION = YES;
				CLANG_WARN_OBJC_ROOT_CLASS = YES_ERROR;
				CLANG_WARN_QUOTED_INCLUDE_IN_FRAMEWORK_HEADER = YES;
				CLANG_WARN_RANGE_LOOP_ANALYSIS = YES;
				CLANG_WARN_STRICT_PROTOTYPES = YES;
				CLANG_WARN_SUSPICIOUS_MOVE = YES;
				CLANG_WARN_UNGUARDED_AVAILABILITY = YES_AGGRESSIVE;
				CLANG_WARN_UNREACHABLE_CODE = YES;
				CLANG_WARN__DUPLICATE_METHOD_MATCH = YES;
				COPY_PHASE_STRIP = NO;
				DEBUG_INFORMATION_FORMAT = dwarf;
				ENABLE_STRICT_OBJC_MSGSEND = YES;
				ENABLE_TESTABILITY = YES;
				GCC_C_LANGUAGE_STANDARD = gnu11;
				GCC_DYNAMIC_NO_PIC = NO;
				GCC_NO_COMMON_BLOCKS = YES;
				GCC_OPTIMIZATION_LEVEL = 0;
				GCC_PREPROCESSOR_DEFINITIONS = (
					"DEBUG=1",
					"$(inherited)",
				);
				GCC_WARN_64_TO_32_BIT_CONVERSION = YES;
				GCC_WARN_ABOUT_RETURN_TYPE = YES_ERROR;
				GCC_WARN_UNDECLARED_SELECTOR = YES;
				GCC_WARN_UNINITIALIZED_AUTOS = YES_AGGRESSIVE;
				GCC_WARN_UNUSED_FUNCTION = YES;
				GCC_WARN_UNUSED_VARIABLE = YES;
				IPHONEOS_DEPLOYMENT_TARGET = 16.1;
				MTL_ENABLE_DEBUG_INFO = INCLUDE_SOURCE;
				MTL_FAST_MATH = YES;
				ONLY_ACTIVE_ARCH = YES;
				SDKROOT = iphoneos;
				SWIFT_ACTIVE_COMPILATION_CONDITIONS = DEBUG;
				SWIFT_OPTIMIZATION_LEVEL = "-Onone";
			};
			name = Debug;
		};
		FCEC77142A0625600051D16E /* Release */ = {
			isa = XCBuildConfiguration;
			buildSettings = {
				ALWAYS_SEARCH_USER_PATHS = NO;
				CLANG_ANALYZER_NONNULL = YES;
				CLANG_ANALYZER_NUMBER_OBJECT_CONVERSION = YES_AGGRESSIVE;
				CLANG_CXX_LANGUAGE_STANDARD = "gnu++20";
				CLANG_ENABLE_MODULES = YES;
				CLANG_ENABLE_OBJC_ARC = YES;
				CLANG_ENABLE_OBJC_WEAK = YES;
				CLANG_WARN_BLOCK_CAPTURE_AUTORELEASING = YES;
				CLANG_WARN_BOOL_CONVERSION = YES;
				CLANG_WARN_COMMA = YES;
				CLANG_WARN_CONSTANT_CONVERSION = YES;
				CLANG_WARN_DEPRECATED_OBJC_IMPLEMENTATIONS = YES;
				CLANG_WARN_DIRECT_OBJC_ISA_USAGE = YES_ERROR;
				CLANG_WARN_DOCUMENTATION_COMMENTS = YES;
				CLANG_WARN_EMPTY_BODY = YES;
				CLANG_WARN_ENUM_CONVERSION = YES;
				CLANG_WARN_INFINITE_RECURSION = YES;
				CLANG_WARN_INT_CONVERSION = YES;
				CLANG_WARN_NON_LITERAL_NULL_CONVERSION = YES;
				CLANG_WARN_OBJC_IMPLICIT_RETAIN_SELF = YES;
				CLANG_WARN_OBJC_LITERAL_CONVERSION = YES;
				CLANG_WARN_OBJC_ROOT_CLASS = YES_ERROR;
				CLANG_WARN_QUOTED_INCLUDE_IN_FRAMEWORK_HEADER = YES;
				CLANG_WARN_RANGE_LOOP_ANALYSIS = YES;
				CLANG_WARN_STRICT_PROTOTYPES = YES;
				CLANG_WARN_SUSPICIOUS_MOVE = YES;
				CLANG_WARN_UNGUARDED_AVAILABILITY = YES_AGGRESSIVE;
				CLANG_WARN_UNREACHABLE_CODE = YES;
				CLANG_WARN__DUPLICATE_METHOD_MATCH = YES;
				COPY_PHASE_STRIP = NO;
				DEBUG_INFORMATION_FORMAT = "dwarf-with-dsym";
				ENABLE_NS_ASSERTIONS = NO;
				ENABLE_STRICT_OBJC_MSGSEND = YES;
				GCC_C_LANGUAGE_STANDARD = gnu11;
				GCC_NO_COMMON_BLOCKS = YES;
				GCC_WARN_64_TO_32_BIT_CONVERSION = YES;
				GCC_WARN_ABOUT_RETURN_TYPE = YES_ERROR;
				GCC_WARN_UNDECLARED_SELECTOR = YES;
				GCC_WARN_UNINITIALIZED_AUTOS = YES_AGGRESSIVE;
				GCC_WARN_UNUSED_FUNCTION = YES;
				GCC_WARN_UNUSED_VARIABLE = YES;
				IPHONEOS_DEPLOYMENT_TARGET = 16.1;
				MTL_ENABLE_DEBUG_INFO = NO;
				MTL_FAST_MATH = YES;
				SDKROOT = iphoneos;
				SWIFT_COMPILATION_MODE = wholemodule;
				SWIFT_OPTIMIZATION_LEVEL = "-O";
				VALIDATE_PRODUCT = YES;
			};
			name = Release;
		};
		FCEC77162A0625600051D16E /* Debug */ = {
			isa = XCBuildConfiguration;
			buildSettings = {
				ASSETCATALOG_COMPILER_APPICON_NAME = AppIcon;
				ASSETCATALOG_COMPILER_GLOBAL_ACCENT_COLOR_NAME = AccentColor;
				CODE_SIGN_STYLE = Automatic;
				CURRENT_PROJECT_VERSION = 1;
				DEVELOPMENT_ASSET_PATHS = "\"TwitterClone_iOS/Preview Content\"";
				DEVELOPMENT_TEAM = 98V6WJ84RH;
				ENABLE_PREVIEWS = YES;
				GENERATE_INFOPLIST_FILE = YES;
				INFOPLIST_KEY_UIApplicationSceneManifest_Generation = YES;
				INFOPLIST_KEY_UIApplicationSupportsIndirectInputEvents = YES;
				INFOPLIST_KEY_UILaunchScreen_Generation = YES;
				INFOPLIST_KEY_UISupportedInterfaceOrientations_iPad = "UIInterfaceOrientationPortrait UIInterfaceOrientationPortraitUpsideDown UIInterfaceOrientationLandscapeLeft UIInterfaceOrientationLandscapeRight";
				INFOPLIST_KEY_UISupportedInterfaceOrientations_iPhone = "UIInterfaceOrientationPortrait UIInterfaceOrientationLandscapeLeft UIInterfaceOrientationLandscapeRight";
				LD_RUNPATH_SEARCH_PATHS = (
					"$(inherited)",
					"@executable_path/Frameworks",
				);
				MARKETING_VERSION = 1.0;
				PRODUCT_BUNDLE_IDENTIFIER = "io.demoApp.twitterClone.TwitterClone-iOS";
				PRODUCT_NAME = "$(TARGET_NAME)";
				SWIFT_EMIT_LOC_STRINGS = YES;
				SWIFT_VERSION = 5.0;
				TARGETED_DEVICE_FAMILY = "1,2";
			};
			name = Debug;
		};
		FCEC77172A0625600051D16E /* Release */ = {
			isa = XCBuildConfiguration;
			buildSettings = {
				ASSETCATALOG_COMPILER_APPICON_NAME = AppIcon;
				ASSETCATALOG_COMPILER_GLOBAL_ACCENT_COLOR_NAME = AccentColor;
				CODE_SIGN_STYLE = Automatic;
				CURRENT_PROJECT_VERSION = 1;
				DEVELOPMENT_ASSET_PATHS = "\"TwitterClone_iOS/Preview Content\"";
				DEVELOPMENT_TEAM = 98V6WJ84RH;
				ENABLE_PREVIEWS = YES;
				GENERATE_INFOPLIST_FILE = YES;
				INFOPLIST_KEY_UIApplicationSceneManifest_Generation = YES;
				INFOPLIST_KEY_UIApplicationSupportsIndirectInputEvents = YES;
				INFOPLIST_KEY_UILaunchScreen_Generation = YES;
				INFOPLIST_KEY_UISupportedInterfaceOrientations_iPad = "UIInterfaceOrientationPortrait UIInterfaceOrientationPortraitUpsideDown UIInterfaceOrientationLandscapeLeft UIInterfaceOrientationLandscapeRight";
				INFOPLIST_KEY_UISupportedInterfaceOrientations_iPhone = "UIInterfaceOrientationPortrait UIInterfaceOrientationLandscapeLeft UIInterfaceOrientationLandscapeRight";
				LD_RUNPATH_SEARCH_PATHS = (
					"$(inherited)",
					"@executable_path/Frameworks",
				);
				MARKETING_VERSION = 1.0;
				PRODUCT_BUNDLE_IDENTIFIER = "io.demoApp.twitterClone.TwitterClone-iOS";
				PRODUCT_NAME = "$(TARGET_NAME)";
				SWIFT_EMIT_LOC_STRINGS = YES;
				SWIFT_VERSION = 5.0;
				TARGETED_DEVICE_FAMILY = "1,2";
			};
			name = Release;
		};
/* End XCBuildConfiguration section */

/* Begin XCConfigurationList section */
		FCEC77022A0625600051D16E /* Build configuration list for PBXProject "TwitterClone_iOS" */ = {
			isa = XCConfigurationList;
			buildConfigurations = (
				FCEC77132A0625600051D16E /* Debug */,
				FCEC77142A0625600051D16E /* Release */,
			);
			defaultConfigurationIsVisible = 0;
			defaultConfigurationName = Release;
		};
		FCEC77152A0625600051D16E /* Build configuration list for PBXNativeTarget "TwitterClone_iOS" */ = {
			isa = XCConfigurationList;
			buildConfigurations = (
				FCEC77162A0625600051D16E /* Debug */,
				FCEC77172A0625600051D16E /* Release */,
			);
			defaultConfigurationIsVisible = 0;
			defaultConfigurationName = Release;
		};
/* End XCConfigurationList section */
	};
	rootObject = FCEC76FF2A0625600051D16E /* Project object */;
}
