// !$*UTF8*$!
{
	archiveVersion = 1;
	classes = {
	};
	objectVersion = 56;
	objects = {

/* Begin PBXBuildFile section */
		FC0400C62A0E06BB00797D38 /* TweetFilterViewModel.swift in Sources */ = {isa = PBXBuildFile; fileRef = FC0400C52A0E06BB00797D38 /* TweetFilterViewModel.swift */; };
		FC3827ED2A9A1DA800F1F36B /* LoginView.swift in Sources */ = {isa = PBXBuildFile; fileRef = FC3827EC2A9A1DA800F1F36B /* LoginView.swift */; };
		FC3827F02A9A1DBA00F1F36B /* RegistrationView.swift in Sources */ = {isa = PBXBuildFile; fileRef = FC3827EF2A9A1DBA00F1F36B /* RegistrationView.swift */; };
		FC3827F22A9A216E00F1F36B /* RoundedShape.swift in Sources */ = {isa = PBXBuildFile; fileRef = FC3827F12A9A216E00F1F36B /* RoundedShape.swift */; };
		FC3827F42A9B0CF400F1F36B /* CustomTextInputField.swift in Sources */ = {isa = PBXBuildFile; fileRef = FC3827F32A9B0CF400F1F36B /* CustomTextInputField.swift */; };
		FC3827F92A9B0F6300F1F36B /* AuthHeaderView.swift in Sources */ = {isa = PBXBuildFile; fileRef = FC3827F82A9B0F6300F1F36B /* AuthHeaderView.swift */; };
		FC3827FB2A9B5BA400F1F36B /* GoogleService-Info.plist in Resources */ = {isa = PBXBuildFile; fileRef = FC3827FA2A9B5BA400F1F36B /* GoogleService-Info.plist */; };
		FC3827FE2A9B5CC700F1F36B /* FirebaseAuth in Frameworks */ = {isa = PBXBuildFile; productRef = FC3827FD2A9B5CC700F1F36B /* FirebaseAuth */; };
		FC3828002A9B5CC700F1F36B /* FirebaseFirestore in Frameworks */ = {isa = PBXBuildFile; productRef = FC3827FF2A9B5CC700F1F36B /* FirebaseFirestore */; };
		FC3828022A9B5CC700F1F36B /* FirebaseFirestoreSwift in Frameworks */ = {isa = PBXBuildFile; productRef = FC3828012A9B5CC700F1F36B /* FirebaseFirestoreSwift */; };
		FC3828042A9B5CC700F1F36B /* FirebaseStorage in Frameworks */ = {isa = PBXBuildFile; productRef = FC3828032A9B5CC700F1F36B /* FirebaseStorage */; };
		FC3828062A9B66D300F1F36B /* AuthViewModel.swift in Sources */ = {isa = PBXBuildFile; fileRef = FC3828052A9B66D300F1F36B /* AuthViewModel.swift */; };
		FC3AC82E2AA20B5B00F61A00 /* Kingfisher in Frameworks */ = {isa = PBXBuildFile; productRef = FC3AC82D2AA20B5B00F61A00 /* Kingfisher */; };
		FC3AC8302AA20CCD00F61A00 /* AppImage.swift in Sources */ = {isa = PBXBuildFile; fileRef = FC3AC82F2AA20CCD00F61A00 /* AppImage.swift */; };
		FC4BFBC62A0E553100908B83 /* ExploreViewModel.swift in Sources */ = {isa = PBXBuildFile; fileRef = FC4BFBC52A0E553100908B83 /* ExploreViewModel.swift */; };
		FC4BFBC92A0E555A00908B83 /* UserRowView.swift in Sources */ = {isa = PBXBuildFile; fileRef = FC4BFBC82A0E555A00908B83 /* UserRowView.swift */; };
		FC5BC1A72A9F0AC500FAA58A /* ProfilePhotoSelectorView.swift in Sources */ = {isa = PBXBuildFile; fileRef = FC5BC1A62A9F0AC500FAA58A /* ProfilePhotoSelectorView.swift */; };
		FC731CAA2A14E2C300693905 /* SideMenuOptionRowView.swift in Sources */ = {isa = PBXBuildFile; fileRef = FC731CA92A14E2C300693905 /* SideMenuOptionRowView.swift */; };
		FCA2BB0E2A98ACFE001276D1 /* NewTweetView.swift in Sources */ = {isa = PBXBuildFile; fileRef = FCA2BB0D2A98ACFE001276D1 /* NewTweetView.swift */; };
		FCA2BB102A98B320001276D1 /* TextArea.swift in Sources */ = {isa = PBXBuildFile; fileRef = FCA2BB0F2A98B320001276D1 /* TextArea.swift */; };
		FCB120CE2A9F3AF3000A4BE2 /* ImagePicker.swift in Sources */ = {isa = PBXBuildFile; fileRef = FCB120CD2A9F3AF3000A4BE2 /* ImagePicker.swift */; };
		FCB120D02A9F4F9E000A4BE2 /* ImageUploader.swift in Sources */ = {isa = PBXBuildFile; fileRef = FCB120CF2A9F4F9E000A4BE2 /* ImageUploader.swift */; };
		FCB7C3552A0A4015009F36DA /* ProfileView.swift in Sources */ = {isa = PBXBuildFile; fileRef = FCB7C3542A0A4015009F36DA /* ProfileView.swift */; };
		FCBD12092AA0635200C77086 /* UserService.swift in Sources */ = {isa = PBXBuildFile; fileRef = FCBD12082AA0635200C77086 /* UserService.swift */; };
		FCCCCE092A123BD6008FD194 /* SideMenuView.swift in Sources */ = {isa = PBXBuildFile; fileRef = FCCCCE082A123BD6008FD194 /* SideMenuView.swift */; };
		FCCCCE0B2A123BE7008FD194 /* SideMenuRowView.swift in Sources */ = {isa = PBXBuildFile; fileRef = FCCCCE0A2A123BE7008FD194 /* SideMenuRowView.swift */; };
		FCCCCE0D2A123BF4008FD194 /* SideMenuViewModel.swift in Sources */ = {isa = PBXBuildFile; fileRef = FCCCCE0C2A123BF4008FD194 /* SideMenuViewModel.swift */; };
		FCCCCE0F2A12429F008FD194 /* UserStatsView.swift in Sources */ = {isa = PBXBuildFile; fileRef = FCCCCE0E2A12429F008FD194 /* UserStatsView.swift */; };
		FCD82A1F2A06B052001D38B6 /* MainTabView.swift in Sources */ = {isa = PBXBuildFile; fileRef = FCD82A1E2A06B052001D38B6 /* MainTabView.swift */; };
		FCD82A252A06B693001D38B6 /* ExploreView.swift in Sources */ = {isa = PBXBuildFile; fileRef = FCD82A242A06B693001D38B6 /* ExploreView.swift */; };
		FCD82A272A06B6AB001D38B6 /* NotificationsView.swift in Sources */ = {isa = PBXBuildFile; fileRef = FCD82A262A06B6AB001D38B6 /* NotificationsView.swift */; };
		FCD82A292A06B6C2001D38B6 /* MessagesView.swift in Sources */ = {isa = PBXBuildFile; fileRef = FCD82A282A06B6C2001D38B6 /* MessagesView.swift */; };
		FCD8502F2AA0BB0B000AE481 /* User.swift in Sources */ = {isa = PBXBuildFile; fileRef = FCD8502E2AA0BB0B000AE481 /* User.swift */; };
		FCEC770B2A0625600051D16E /* TwitterClone_iOSApp.swift in Sources */ = {isa = PBXBuildFile; fileRef = FCEC770A2A0625600051D16E /* TwitterClone_iOSApp.swift */; };
		FCEC770D2A0625600051D16E /* ContentView.swift in Sources */ = {isa = PBXBuildFile; fileRef = FCEC770C2A0625600051D16E /* ContentView.swift */; };
		FCEC770F2A0625600051D16E /* Assets.xcassets in Resources */ = {isa = PBXBuildFile; fileRef = FCEC770E2A0625600051D16E /* Assets.xcassets */; };
		FCEC77122A0625600051D16E /* Preview Assets.xcassets in Resources */ = {isa = PBXBuildFile; fileRef = FCEC77112A0625600051D16E /* Preview Assets.xcassets */; };
		FCEC77212A0628070051D16E /* FeedView.swift in Sources */ = {isa = PBXBuildFile; fileRef = FCEC77202A0628070051D16E /* FeedView.swift */; };
		FCEC77242A063CB20051D16E /* TweetRowView.swift in Sources */ = {isa = PBXBuildFile; fileRef = FCEC77232A063CB20051D16E /* TweetRowView.swift */; };
/* End PBXBuildFile section */

/* Begin PBXFileReference section */
		FC0400C52A0E06BB00797D38 /* TweetFilterViewModel.swift */ = {isa = PBXFileReference; lastKnownFileType = sourcecode.swift; path = TweetFilterViewModel.swift; sourceTree = "<group>"; };
		FC3827EC2A9A1DA800F1F36B /* LoginView.swift */ = {isa = PBXFileReference; lastKnownFileType = sourcecode.swift; path = LoginView.swift; sourceTree = "<group>"; };
		FC3827EF2A9A1DBA00F1F36B /* RegistrationView.swift */ = {isa = PBXFileReference; lastKnownFileType = sourcecode.swift; path = RegistrationView.swift; sourceTree = "<group>"; };
		FC3827F12A9A216E00F1F36B /* RoundedShape.swift */ = {isa = PBXFileReference; lastKnownFileType = sourcecode.swift; path = RoundedShape.swift; sourceTree = "<group>"; };
		FC3827F32A9B0CF400F1F36B /* CustomTextInputField.swift */ = {isa = PBXFileReference; lastKnownFileType = sourcecode.swift; path = CustomTextInputField.swift; sourceTree = "<group>"; };
		FC3827F82A9B0F6300F1F36B /* AuthHeaderView.swift */ = {isa = PBXFileReference; lastKnownFileType = sourcecode.swift; path = AuthHeaderView.swift; sourceTree = "<group>"; };
		FC3827FA2A9B5BA400F1F36B /* GoogleService-Info.plist */ = {isa = PBXFileReference; lastKnownFileType = text.plist; path = "GoogleService-Info.plist"; sourceTree = SOURCE_ROOT; };
		FC3828052A9B66D300F1F36B /* AuthViewModel.swift */ = {isa = PBXFileReference; lastKnownFileType = sourcecode.swift; path = AuthViewModel.swift; sourceTree = "<group>"; };
		FC3AC82F2AA20CCD00F61A00 /* AppImage.swift */ = {isa = PBXFileReference; lastKnownFileType = sourcecode.swift; path = AppImage.swift; sourceTree = "<group>"; };
		FC4BFBC52A0E553100908B83 /* ExploreViewModel.swift */ = {isa = PBXFileReference; lastKnownFileType = sourcecode.swift; path = ExploreViewModel.swift; sourceTree = "<group>"; };
		FC4BFBC82A0E555A00908B83 /* UserRowView.swift */ = {isa = PBXFileReference; lastKnownFileType = sourcecode.swift; path = UserRowView.swift; sourceTree = "<group>"; };
		FC5BC1A62A9F0AC500FAA58A /* ProfilePhotoSelectorView.swift */ = {isa = PBXFileReference; lastKnownFileType = sourcecode.swift; path = ProfilePhotoSelectorView.swift; sourceTree = "<group>"; };
		FC731CA92A14E2C300693905 /* SideMenuOptionRowView.swift */ = {isa = PBXFileReference; lastKnownFileType = sourcecode.swift; path = SideMenuOptionRowView.swift; sourceTree = "<group>"; };
		FCA2BB0D2A98ACFE001276D1 /* NewTweetView.swift */ = {isa = PBXFileReference; lastKnownFileType = sourcecode.swift; path = NewTweetView.swift; sourceTree = "<group>"; };
		FCA2BB0F2A98B320001276D1 /* TextArea.swift */ = {isa = PBXFileReference; lastKnownFileType = sourcecode.swift; path = TextArea.swift; sourceTree = "<group>"; };
		FCB120CD2A9F3AF3000A4BE2 /* ImagePicker.swift */ = {isa = PBXFileReference; lastKnownFileType = sourcecode.swift; path = ImagePicker.swift; sourceTree = "<group>"; };
		FCB120CF2A9F4F9E000A4BE2 /* ImageUploader.swift */ = {isa = PBXFileReference; lastKnownFileType = sourcecode.swift; path = ImageUploader.swift; sourceTree = "<group>"; };
		FCB7C3542A0A4015009F36DA /* ProfileView.swift */ = {isa = PBXFileReference; lastKnownFileType = sourcecode.swift; path = ProfileView.swift; sourceTree = "<group>"; };
		FCBD12082AA0635200C77086 /* UserService.swift */ = {isa = PBXFileReference; lastKnownFileType = sourcecode.swift; path = UserService.swift; sourceTree = "<group>"; };
		FCCCCE082A123BD6008FD194 /* SideMenuView.swift */ = {isa = PBXFileReference; lastKnownFileType = sourcecode.swift; path = SideMenuView.swift; sourceTree = "<group>"; };
		FCCCCE0A2A123BE7008FD194 /* SideMenuRowView.swift */ = {isa = PBXFileReference; lastKnownFileType = sourcecode.swift; path = SideMenuRowView.swift; sourceTree = "<group>"; };
		FCCCCE0C2A123BF4008FD194 /* SideMenuViewModel.swift */ = {isa = PBXFileReference; lastKnownFileType = sourcecode.swift; path = SideMenuViewModel.swift; sourceTree = "<group>"; };
		FCCCCE0E2A12429F008FD194 /* UserStatsView.swift */ = {isa = PBXFileReference; lastKnownFileType = sourcecode.swift; path = UserStatsView.swift; sourceTree = "<group>"; };
		FCD82A1E2A06B052001D38B6 /* MainTabView.swift */ = {isa = PBXFileReference; lastKnownFileType = sourcecode.swift; path = MainTabView.swift; sourceTree = "<group>"; };
		FCD82A242A06B693001D38B6 /* ExploreView.swift */ = {isa = PBXFileReference; lastKnownFileType = sourcecode.swift; path = ExploreView.swift; sourceTree = "<group>"; };
		FCD82A262A06B6AB001D38B6 /* NotificationsView.swift */ = {isa = PBXFileReference; lastKnownFileType = sourcecode.swift; path = NotificationsView.swift; sourceTree = "<group>"; };
		FCD82A282A06B6C2001D38B6 /* MessagesView.swift */ = {isa = PBXFileReference; lastKnownFileType = sourcecode.swift; path = MessagesView.swift; sourceTree = "<group>"; };
		FCD8502E2AA0BB0B000AE481 /* User.swift */ = {isa = PBXFileReference; lastKnownFileType = sourcecode.swift; path = User.swift; sourceTree = "<group>"; };
		FCEC77072A0625600051D16E /* TwitterClone_iOS.app */ = {isa = PBXFileReference; explicitFileType = wrapper.application; includeInIndex = 0; path = TwitterClone_iOS.app; sourceTree = BUILT_PRODUCTS_DIR; };
		FCEC770A2A0625600051D16E /* TwitterClone_iOSApp.swift */ = {isa = PBXFileReference; lastKnownFileType = sourcecode.swift; path = TwitterClone_iOSApp.swift; sourceTree = "<group>"; };
		FCEC770C2A0625600051D16E /* ContentView.swift */ = {isa = PBXFileReference; lastKnownFileType = sourcecode.swift; path = ContentView.swift; sourceTree = "<group>"; };
		FCEC770E2A0625600051D16E /* Assets.xcassets */ = {isa = PBXFileReference; lastKnownFileType = folder.assetcatalog; path = Assets.xcassets; sourceTree = "<group>"; };
		FCEC77112A0625600051D16E /* Preview Assets.xcassets */ = {isa = PBXFileReference; lastKnownFileType = folder.assetcatalog; path = "Preview Assets.xcassets"; sourceTree = "<group>"; };
		FCEC77202A0628070051D16E /* FeedView.swift */ = {isa = PBXFileReference; lastKnownFileType = sourcecode.swift; path = FeedView.swift; sourceTree = "<group>"; };
		FCEC77232A063CB20051D16E /* TweetRowView.swift */ = {isa = PBXFileReference; lastKnownFileType = sourcecode.swift; path = TweetRowView.swift; sourceTree = "<group>"; };
/* End PBXFileReference section */

/* Begin PBXFrameworksBuildPhase section */
		FCEC77042A0625600051D16E /* Frameworks */ = {
			isa = PBXFrameworksBuildPhase;
			buildActionMask = 2147483647;
			files = (
				FC3827FE2A9B5CC700F1F36B /* FirebaseAuth in Frameworks */,
				FC3828042A9B5CC700F1F36B /* FirebaseStorage in Frameworks */,
				FC3828002A9B5CC700F1F36B /* FirebaseFirestore in Frameworks */,
				FC3828022A9B5CC700F1F36B /* FirebaseFirestoreSwift in Frameworks */,
				FC3AC82E2AA20B5B00F61A00 /* Kingfisher in Frameworks */,
			);
			runOnlyForDeploymentPostprocessing = 0;
		};
/* End PBXFrameworksBuildPhase section */

/* Begin PBXGroup section */
		FC3827E92A9A1D8600F1F36B /* Authentication */ = {
			isa = PBXGroup;
			children = (
				FC3827EB2A9A1D9200F1F36B /* Views */,
				FC3827EA2A9A1D8D00F1F36B /* ViewModels */,
			);
			path = Authentication;
			sourceTree = "<group>";
		};
		FC3827EA2A9A1D8D00F1F36B /* ViewModels */ = {
			isa = PBXGroup;
			children = (
				FC3828052A9B66D300F1F36B /* AuthViewModel.swift */,
			);
			path = ViewModels;
			sourceTree = "<group>";
		};
		FC3827EB2A9A1D9200F1F36B /* Views */ = {
			isa = PBXGroup;
			children = (
				FC3827EC2A9A1DA800F1F36B /* LoginView.swift */,
				FC3827EF2A9A1DBA00F1F36B /* RegistrationView.swift */,
				FC5BC1A62A9F0AC500FAA58A /* ProfilePhotoSelectorView.swift */,
			);
			path = Views;
			sourceTree = "<group>";
		};
		FC3827F52A9B0F3800F1F36B /* Authentication */ = {
			isa = PBXGroup;
			children = (
				FC3827F82A9B0F6300F1F36B /* AuthHeaderView.swift */,
			);
			path = Authentication;
			sourceTree = "<group>";
		};
		FC4BFBC32A0E551700908B83 /* ViewModels */ = {
			isa = PBXGroup;
			children = (
				FC4BFBC52A0E553100908B83 /* ExploreViewModel.swift */,
			);
			path = ViewModels;
			sourceTree = "<group>";
		};
		FC4BFBC42A0E551D00908B83 /* View */ = {
			isa = PBXGroup;
			children = (
				FCD82A242A06B693001D38B6 /* ExploreView.swift */,
			);
			path = View;
			sourceTree = "<group>";
		};
		FC4BFBC72A0E554E00908B83 /* Users */ = {
			isa = PBXGroup;
			children = (
				FC4BFBC82A0E555A00908B83 /* UserRowView.swift */,
				FCCCCE0E2A12429F008FD194 /* UserStatsView.swift */,
			);
			path = Users;
			sourceTree = "<group>";
		};
		FCA2BB082A98ACB7001276D1 /* UploadTweet */ = {
			isa = PBXGroup;
			children = (
				FCA2BB092A98ACC4001276D1 /* Views */,
				FCA2BB0A2A98ACC9001276D1 /* ViewModels */,
			);
			path = UploadTweet;
			sourceTree = "<group>";
		};
		FCA2BB092A98ACC4001276D1 /* Views */ = {
			isa = PBXGroup;
			children = (
				FCA2BB0D2A98ACFE001276D1 /* NewTweetView.swift */,
			);
			path = Views;
			sourceTree = "<group>";
		};
		FCA2BB0A2A98ACC9001276D1 /* ViewModels */ = {
			isa = PBXGroup;
			children = (
			);
			path = ViewModels;
			sourceTree = "<group>";
		};
		FCB120CC2A9F3ADC000A4BE2 /* Utils */ = {
			isa = PBXGroup;
			children = (
				FCB120CD2A9F3AF3000A4BE2 /* ImagePicker.swift */,
			);
			path = Utils;
			sourceTree = "<group>";
		};
		FCB7C3522A0A3FFA009F36DA /* Views */ = {
			isa = PBXGroup;
			children = (
				FCB7C3542A0A4015009F36DA /* ProfileView.swift */,
			);
			path = Views;
			sourceTree = "<group>";
		};
		FCB7C3532A0A4000009F36DA /* ViewModels */ = {
			isa = PBXGroup;
			children = (
				FC0400C52A0E06BB00797D38 /* TweetFilterViewModel.swift */,
			);
			path = ViewModels;
			sourceTree = "<group>";
		};
		FCCCCE052A123B90008FD194 /* SideMenu */ = {
			isa = PBXGroup;
			children = (
				FCCCCE072A123BB4008FD194 /* Views */,
				FCCCCE062A123B9C008FD194 /* ViewModels */,
			);
			path = SideMenu;
			sourceTree = "<group>";
		};
		FCCCCE062A123B9C008FD194 /* ViewModels */ = {
			isa = PBXGroup;
			children = (
				FCCCCE0C2A123BF4008FD194 /* SideMenuViewModel.swift */,
			);
			path = ViewModels;
			sourceTree = "<group>";
		};
		FCCCCE072A123BB4008FD194 /* Views */ = {
			isa = PBXGroup;
			children = (
				FCCCCE082A123BD6008FD194 /* SideMenuView.swift */,
				FCCCCE0A2A123BE7008FD194 /* SideMenuRowView.swift */,
				FC731CA92A14E2C300693905 /* SideMenuOptionRowView.swift */,
			);
			path = Views;
			sourceTree = "<group>";
		};
		FCD82A1D2A06B03C001D38B6 /* MainTab */ = {
			isa = PBXGroup;
			children = (
				FCD82A1E2A06B052001D38B6 /* MainTabView.swift */,
			);
			path = MainTab;
			sourceTree = "<group>";
		};
		FCD82A202A06B655001D38B6 /* Messages */ = {
			isa = PBXGroup;
			children = (
				FCD82A282A06B6C2001D38B6 /* MessagesView.swift */,
			);
			path = Messages;
			sourceTree = "<group>";
		};
		FCD82A212A06B658001D38B6 /* Notifications */ = {
			isa = PBXGroup;
			children = (
				FCD82A262A06B6AB001D38B6 /* NotificationsView.swift */,
			);
			path = Notifications;
			sourceTree = "<group>";
		};
		FCD82A222A06B65B001D38B6 /* Explore */ = {
			isa = PBXGroup;
			children = (
				FC4BFBC42A0E551D00908B83 /* View */,
				FC4BFBC32A0E551700908B83 /* ViewModels */,
			);
			path = Explore;
			sourceTree = "<group>";
		};
		FCD82A232A06B674001D38B6 /* Profile */ = {
			isa = PBXGroup;
			children = (
				FCB7C3522A0A3FFA009F36DA /* Views */,
				FCB7C3532A0A4000009F36DA /* ViewModels */,
			);
			path = Profile;
			sourceTree = "<group>";
		};
		FCEC76FE2A0625600051D16E = {
			isa = PBXGroup;
			children = (
				FCEC77092A0625600051D16E /* TwitterClone_iOS */,
				FCEC77082A0625600051D16E /* Products */,
			);
			sourceTree = "<group>";
		};
		FCEC77082A0625600051D16E /* Products */ = {
			isa = PBXGroup;
			children = (
				FCEC77072A0625600051D16E /* TwitterClone_iOS.app */,
			);
			name = Products;
			sourceTree = "<group>";
		};
		FCEC77092A0625600051D16E /* TwitterClone_iOS */ = {
			isa = PBXGroup;
			children = (
				FCB120CC2A9F3ADC000A4BE2 /* Utils */,
				FCEC771B2A0627480051D16E /* Extensions */,
				FCEC771A2A0627470051D16E /* Model */,
				FCEC77192A0627450051D16E /* Service */,
				FCEC77182A0627380051D16E /* Core */,
				FCEC770A2A0625600051D16E /* TwitterClone_iOSApp.swift */,
				FCEC770C2A0625600051D16E /* ContentView.swift */,
				FCEC770E2A0625600051D16E /* Assets.xcassets */,
				FC3827FA2A9B5BA400F1F36B /* GoogleService-Info.plist */,
				FCEC77102A0625600051D16E /* Preview Content */,
			);
			path = TwitterClone_iOS;
			sourceTree = "<group>";
		};
		FCEC77102A0625600051D16E /* Preview Content */ = {
			isa = PBXGroup;
			children = (
				FCEC77112A0625600051D16E /* Preview Assets.xcassets */,
			);
			path = "Preview Content";
			sourceTree = "<group>";
		};
		FCEC77182A0627380051D16E /* Core */ = {
			isa = PBXGroup;
			children = (
				FC3827E92A9A1D8600F1F36B /* Authentication */,
				FCA2BB082A98ACB7001276D1 /* UploadTweet */,
				FCEC771C2A0627920051D16E /* Components */,
				FCCCCE052A123B90008FD194 /* SideMenu */,
				FCD82A232A06B674001D38B6 /* Profile */,
				FCD82A222A06B65B001D38B6 /* Explore */,
				FCD82A212A06B658001D38B6 /* Notifications */,
				FCD82A202A06B655001D38B6 /* Messages */,
				FCD82A1D2A06B03C001D38B6 /* MainTab */,
				FCEC771D2A06279B0051D16E /* Feed */,
			);
			path = Core;
			sourceTree = "<group>";
		};
		FCEC77192A0627450051D16E /* Service */ = {
			isa = PBXGroup;
			children = (
				FCB120CF2A9F4F9E000A4BE2 /* ImageUploader.swift */,
				FCBD12082AA0635200C77086 /* UserService.swift */,
			);
			path = Service;
			sourceTree = "<group>";
		};
		FCEC771A2A0627470051D16E /* Model */ = {
			isa = PBXGroup;
			children = (
				FCD8502E2AA0BB0B000AE481 /* User.swift */,
			);
			path = Model;
			sourceTree = "<group>";
		};
		FCEC771B2A0627480051D16E /* Extensions */ = {
			isa = PBXGroup;
			children = (
			);
			path = Extensions;
			sourceTree = "<group>";
		};
		FCEC771C2A0627920051D16E /* Components */ = {
			isa = PBXGroup;
			children = (
				FC3827F52A9B0F3800F1F36B /* Authentication */,
				FC4BFBC72A0E554E00908B83 /* Users */,
				FCEC77222A063A8D0051D16E /* Tweets */,
				FCA2BB0F2A98B320001276D1 /* TextArea.swift */,
				FC3827F12A9A216E00F1F36B /* RoundedShape.swift */,
				FC3827F32A9B0CF400F1F36B /* CustomTextInputField.swift */,
				FC3AC82F2AA20CCD00F61A00 /* AppImage.swift */,
			);
			path = Components;
			sourceTree = "<group>";
		};
		FCEC771D2A06279B0051D16E /* Feed */ = {
			isa = PBXGroup;
			children = (
				FCEC771F2A0627E60051D16E /* View */,
				FCEC771E2A0627DC0051D16E /* ViewModels */,
			);
			path = Feed;
			sourceTree = "<group>";
		};
		FCEC771E2A0627DC0051D16E /* ViewModels */ = {
			isa = PBXGroup;
			children = (
			);
			path = ViewModels;
			sourceTree = "<group>";
		};
		FCEC771F2A0627E60051D16E /* View */ = {
			isa = PBXGroup;
			children = (
				FCEC77202A0628070051D16E /* FeedView.swift */,
			);
			path = View;
			sourceTree = "<group>";
		};
		FCEC77222A063A8D0051D16E /* Tweets */ = {
			isa = PBXGroup;
			children = (
				FCEC77232A063CB20051D16E /* TweetRowView.swift */,
			);
			path = Tweets;
			sourceTree = "<group>";
		};
/* End PBXGroup section */

/* Begin PBXNativeTarget section */
		FCEC77062A0625600051D16E /* TwitterClone_iOS */ = {
			isa = PBXNativeTarget;
			buildConfigurationList = FCEC77152A0625600051D16E /* Build configuration list for PBXNativeTarget "TwitterClone_iOS" */;
			buildPhases = (
				FCEC77032A0625600051D16E /* Sources */,
				FCEC77042A0625600051D16E /* Frameworks */,
				FCEC77052A0625600051D16E /* Resources */,
			);
			buildRules = (
			);
			dependencies = (
			);
			name = TwitterClone_iOS;
			packageProductDependencies = (
				FC3827FD2A9B5CC700F1F36B /* FirebaseAuth */,
				FC3827FF2A9B5CC700F1F36B /* FirebaseFirestore */,
				FC3828012A9B5CC700F1F36B /* FirebaseFirestoreSwift */,
				FC3828032A9B5CC700F1F36B /* FirebaseStorage */,
				FC3AC82D2AA20B5B00F61A00 /* Kingfisher */,
			);
			productName = TwitterClone_iOS;
			productReference = FCEC77072A0625600051D16E /* TwitterClone_iOS.app */;
			productType = "com.apple.product-type.application";
		};
/* End PBXNativeTarget section */

/* Begin PBXProject section */
		FCEC76FF2A0625600051D16E /* Project object */ = {
			isa = PBXProject;
			attributes = {
				BuildIndependentTargetsInParallel = 1;
				LastSwiftUpdateCheck = 1410;
				LastUpgradeCheck = 1410;
				TargetAttributes = {
					FCEC77062A0625600051D16E = {
						CreatedOnToolsVersion = 14.1;
					};
				};
			};
			buildConfigurationList = FCEC77022A0625600051D16E /* Build configuration list for PBXProject "TwitterClone_iOS" */;
			compatibilityVersion = "Xcode 14.0";
			developmentRegion = en;
			hasScannedForEncodings = 0;
			knownRegions = (
				en,
				Base,
			);
			mainGroup = FCEC76FE2A0625600051D16E;
			packageReferences = (
				FC3827FC2A9B5CC700F1F36B /* XCRemoteSwiftPackageReference "firebase-ios-sdk" */,
				FC3AC82C2AA20B5B00F61A00 /* XCRemoteSwiftPackageReference "Kingfisher" */,
			);
			productRefGroup = FCEC77082A0625600051D16E /* Products */;
			projectDirPath = "";
			projectRoot = "";
			targets = (
				FCEC77062A0625600051D16E /* TwitterClone_iOS */,
			);
		};
/* End PBXProject section */

/* Begin PBXResourcesBuildPhase section */
		FCEC77052A0625600051D16E /* Resources */ = {
			isa = PBXResourcesBuildPhase;
			buildActionMask = 2147483647;
			files = (
				FCEC77122A0625600051D16E /* Preview Assets.xcassets in Resources */,
				FCEC770F2A0625600051D16E /* Assets.xcassets in Resources */,
				FC3827FB2A9B5BA400F1F36B /* GoogleService-Info.plist in Resources */,
			);
			runOnlyForDeploymentPostprocessing = 0;
		};
/* End PBXResourcesBuildPhase section */

/* Begin PBXSourcesBuildPhase section */
		FCEC77032A0625600051D16E /* Sources */ = {
			isa = PBXSourcesBuildPhase;
			buildActionMask = 2147483647;
			files = (
				FCD82A292A06B6C2001D38B6 /* MessagesView.swift in Sources */,
				FCB7C3552A0A4015009F36DA /* ProfileView.swift in Sources */,
				FCA2BB102A98B320001276D1 /* TextArea.swift in Sources */,
				FCB120CE2A9F3AF3000A4BE2 /* ImagePicker.swift in Sources */,
				FC3827F02A9A1DBA00F1F36B /* RegistrationView.swift in Sources */,
				FCEC770D2A0625600051D16E /* ContentView.swift in Sources */,
				FCCCCE0B2A123BE7008FD194 /* SideMenuRowView.swift in Sources */,
				FCCCCE092A123BD6008FD194 /* SideMenuView.swift in Sources */,
				FC3AC8302AA20CCD00F61A00 /* AppImage.swift in Sources */,
				FCD8502F2AA0BB0B000AE481 /* User.swift in Sources */,
				FCEC77242A063CB20051D16E /* TweetRowView.swift in Sources */,
				FC0400C62A0E06BB00797D38 /* TweetFilterViewModel.swift in Sources */,
				FC3827F22A9A216E00F1F36B /* RoundedShape.swift in Sources */,
				FCEC77212A0628070051D16E /* FeedView.swift in Sources */,
				FCCCCE0F2A12429F008FD194 /* UserStatsView.swift in Sources */,
				FC3827F42A9B0CF400F1F36B /* CustomTextInputField.swift in Sources */,
				FC3827F92A9B0F6300F1F36B /* AuthHeaderView.swift in Sources */,
				FCEC770B2A0625600051D16E /* TwitterClone_iOSApp.swift in Sources */,
				FCBD12092AA0635200C77086 /* UserService.swift in Sources */,
				FC731CAA2A14E2C300693905 /* SideMenuOptionRowView.swift in Sources */,
				FC5BC1A72A9F0AC500FAA58A /* ProfilePhotoSelectorView.swift in Sources */,
				FCD82A252A06B693001D38B6 /* ExploreView.swift in Sources */,
				FC4BFBC62A0E553100908B83 /* ExploreViewModel.swift in Sources */,
				FCA2BB0E2A98ACFE001276D1 /* NewTweetView.swift in Sources */,
				FCB120D02A9F4F9E000A4BE2 /* ImageUploader.swift in Sources */,
				FCD82A1F2A06B052001D38B6 /* MainTabView.swift in Sources */,
				FC3828062A9B66D300F1F36B /* AuthViewModel.swift in Sources */,
				FC4BFBC92A0E555A00908B83 /* UserRowView.swift in Sources */,
				FCCCCE0D2A123BF4008FD194 /* SideMenuViewModel.swift in Sources */,
				FC3827ED2A9A1DA800F1F36B /* LoginView.swift in Sources */,
				FCD82A272A06B6AB001D38B6 /* NotificationsView.swift in Sources */,
			);
			runOnlyForDeploymentPostprocessing = 0;
		};
/* End PBXSourcesBuildPhase section */

/* Begin XCBuildConfiguration section */
		FCEC77132A0625600051D16E /* Debug */ = {
			isa = XCBuildConfiguration;
			buildSettings = {
				ALWAYS_SEARCH_USER_PATHS = NO;
				CLANG_ANALYZER_NONNULL = YES;
				CLANG_ANALYZER_NUMBER_OBJECT_CONVERSION = YES_AGGRESSIVE;
				CLANG_CXX_LANGUAGE_STANDARD = "gnu++20";
				CLANG_ENABLE_MODULES = YES;
				CLANG_ENABLE_OBJC_ARC = YES;
				CLANG_ENABLE_OBJC_WEAK = YES;
				CLANG_WARN_BLOCK_CAPTURE_AUTORELEASING = YES;
				CLANG_WARN_BOOL_CONVERSION = YES;
				CLANG_WARN_COMMA = YES;
				CLANG_WARN_CONSTANT_CONVERSION = YES;
				CLANG_WARN_DEPRECATED_OBJC_IMPLEMENTATIONS = YES;
				CLANG_WARN_DIRECT_OBJC_ISA_USAGE = YES_ERROR;
				CLANG_WARN_DOCUMENTATION_COMMENTS = YES;
				CLANG_WARN_EMPTY_BODY = YES;
				CLANG_WARN_ENUM_CONVERSION = YES;
				CLANG_WARN_INFINITE_RECURSION = YES;
				CLANG_WARN_INT_CONVERSION = YES;
				CLANG_WARN_NON_LITERAL_NULL_CONVERSION = YES;
				CLANG_WARN_OBJC_IMPLICIT_RETAIN_SELF = YES;
				CLANG_WARN_OBJC_LITERAL_CONVERSION = YES;
				CLANG_WARN_OBJC_ROOT_CLASS = YES_ERROR;
				CLANG_WARN_QUOTED_INCLUDE_IN_FRAMEWORK_HEADER = YES;
				CLANG_WARN_RANGE_LOOP_ANALYSIS = YES;
				CLANG_WARN_STRICT_PROTOTYPES = YES;
				CLANG_WARN_SUSPICIOUS_MOVE = YES;
				CLANG_WARN_UNGUARDED_AVAILABILITY = YES_AGGRESSIVE;
				CLANG_WARN_UNREACHABLE_CODE = YES;
				CLANG_WARN__DUPLICATE_METHOD_MATCH = YES;
				COPY_PHASE_STRIP = NO;
				DEBUG_INFORMATION_FORMAT = dwarf;
				ENABLE_STRICT_OBJC_MSGSEND = YES;
				ENABLE_TESTABILITY = YES;
				GCC_C_LANGUAGE_STANDARD = gnu11;
				GCC_DYNAMIC_NO_PIC = NO;
				GCC_NO_COMMON_BLOCKS = YES;
				GCC_OPTIMIZATION_LEVEL = 0;
				GCC_PREPROCESSOR_DEFINITIONS = (
					"DEBUG=1",
					"$(inherited)",
				);
				GCC_WARN_64_TO_32_BIT_CONVERSION = YES;
				GCC_WARN_ABOUT_RETURN_TYPE = YES_ERROR;
				GCC_WARN_UNDECLARED_SELECTOR = YES;
				GCC_WARN_UNINITIALIZED_AUTOS = YES_AGGRESSIVE;
				GCC_WARN_UNUSED_FUNCTION = YES;
				GCC_WARN_UNUSED_VARIABLE = YES;
				IPHONEOS_DEPLOYMENT_TARGET = 16.1;
				MTL_ENABLE_DEBUG_INFO = INCLUDE_SOURCE;
				MTL_FAST_MATH = YES;
				ONLY_ACTIVE_ARCH = YES;
				SDKROOT = iphoneos;
				SWIFT_ACTIVE_COMPILATION_CONDITIONS = DEBUG;
				SWIFT_OPTIMIZATION_LEVEL = "-Onone";
			};
			name = Debug;
		};
		FCEC77142A0625600051D16E /* Release */ = {
			isa = XCBuildConfiguration;
			buildSettings = {
				ALWAYS_SEARCH_USER_PATHS = NO;
				CLANG_ANALYZER_NONNULL = YES;
				CLANG_ANALYZER_NUMBER_OBJECT_CONVERSION = YES_AGGRESSIVE;
				CLANG_CXX_LANGUAGE_STANDARD = "gnu++20";
				CLANG_ENABLE_MODULES = YES;
				CLANG_ENABLE_OBJC_ARC = YES;
				CLANG_ENABLE_OBJC_WEAK = YES;
				CLANG_WARN_BLOCK_CAPTURE_AUTORELEASING = YES;
				CLANG_WARN_BOOL_CONVERSION = YES;
				CLANG_WARN_COMMA = YES;
				CLANG_WARN_CONSTANT_CONVERSION = YES;
				CLANG_WARN_DEPRECATED_OBJC_IMPLEMENTATIONS = YES;
				CLANG_WARN_DIRECT_OBJC_ISA_USAGE = YES_ERROR;
				CLANG_WARN_DOCUMENTATION_COMMENTS = YES;
				CLANG_WARN_EMPTY_BODY = YES;
				CLANG_WARN_ENUM_CONVERSION = YES;
				CLANG_WARN_INFINITE_RECURSION = YES;
				CLANG_WARN_INT_CONVERSION = YES;
				CLANG_WARN_NON_LITERAL_NULL_CONVERSION = YES;
				CLANG_WARN_OBJC_IMPLICIT_RETAIN_SELF = YES;
				CLANG_WARN_OBJC_LITERAL_CONVERSION = YES;
				CLANG_WARN_OBJC_ROOT_CLASS = YES_ERROR;
				CLANG_WARN_QUOTED_INCLUDE_IN_FRAMEWORK_HEADER = YES;
				CLANG_WARN_RANGE_LOOP_ANALYSIS = YES;
				CLANG_WARN_STRICT_PROTOTYPES = YES;
				CLANG_WARN_SUSPICIOUS_MOVE = YES;
				CLANG_WARN_UNGUARDED_AVAILABILITY = YES_AGGRESSIVE;
				CLANG_WARN_UNREACHABLE_CODE = YES;
				CLANG_WARN__DUPLICATE_METHOD_MATCH = YES;
				COPY_PHASE_STRIP = NO;
				DEBUG_INFORMATION_FORMAT = "dwarf-with-dsym";
				ENABLE_NS_ASSERTIONS = NO;
				ENABLE_STRICT_OBJC_MSGSEND = YES;
				GCC_C_LANGUAGE_STANDARD = gnu11;
				GCC_NO_COMMON_BLOCKS = YES;
				GCC_WARN_64_TO_32_BIT_CONVERSION = YES;
				GCC_WARN_ABOUT_RETURN_TYPE = YES_ERROR;
				GCC_WARN_UNDECLARED_SELECTOR = YES;
				GCC_WARN_UNINITIALIZED_AUTOS = YES_AGGRESSIVE;
				GCC_WARN_UNUSED_FUNCTION = YES;
				GCC_WARN_UNUSED_VARIABLE = YES;
				IPHONEOS_DEPLOYMENT_TARGET = 16.1;
				MTL_ENABLE_DEBUG_INFO = NO;
				MTL_FAST_MATH = YES;
				SDKROOT = iphoneos;
				SWIFT_COMPILATION_MODE = wholemodule;
				SWIFT_OPTIMIZATION_LEVEL = "-O";
				VALIDATE_PRODUCT = YES;
			};
			name = Release;
		};
		FCEC77162A0625600051D16E /* Debug */ = {
			isa = XCBuildConfiguration;
			buildSettings = {
				ASSETCATALOG_COMPILER_APPICON_NAME = AppIcon;
				ASSETCATALOG_COMPILER_GLOBAL_ACCENT_COLOR_NAME = AccentColor;
				CODE_SIGN_STYLE = Automatic;
				CURRENT_PROJECT_VERSION = 1;
				DEVELOPMENT_ASSET_PATHS = "\"TwitterClone_iOS/Preview Content\"";
				DEVELOPMENT_TEAM = 98V6WJ84RH;
				ENABLE_PREVIEWS = YES;
				GENERATE_INFOPLIST_FILE = YES;
				INFOPLIST_KEY_UIApplicationSceneManifest_Generation = YES;
				INFOPLIST_KEY_UIApplicationSupportsIndirectInputEvents = YES;
				INFOPLIST_KEY_UILaunchScreen_Generation = YES;
				INFOPLIST_KEY_UISupportedInterfaceOrientations_iPad = "UIInterfaceOrientationPortrait UIInterfaceOrientationPortraitUpsideDown UIInterfaceOrientationLandscapeLeft UIInterfaceOrientationLandscapeRight";
				INFOPLIST_KEY_UISupportedInterfaceOrientations_iPhone = "UIInterfaceOrientationPortrait UIInterfaceOrientationLandscapeLeft UIInterfaceOrientationLandscapeRight";
				LD_RUNPATH_SEARCH_PATHS = (
					"$(inherited)",
					"@executable_path/Frameworks",
				);
				MARKETING_VERSION = 1.0;
				PRODUCT_BUNDLE_IDENTIFIER = "io.demoApp.twitterClone.TwitterClone-iOS";
				PRODUCT_NAME = "$(TARGET_NAME)";
				SWIFT_EMIT_LOC_STRINGS = YES;
				SWIFT_VERSION = 5.0;
				TARGETED_DEVICE_FAMILY = "1,2";
			};
			name = Debug;
		};
		FCEC77172A0625600051D16E /* Release */ = {
			isa = XCBuildConfiguration;
			buildSettings = {
				ASSETCATALOG_COMPILER_APPICON_NAME = AppIcon;
				ASSETCATALOG_COMPILER_GLOBAL_ACCENT_COLOR_NAME = AccentColor;
				CODE_SIGN_STYLE = Automatic;
				CURRENT_PROJECT_VERSION = 1;
				DEVELOPMENT_ASSET_PATHS = "\"TwitterClone_iOS/Preview Content\"";
				DEVELOPMENT_TEAM = 98V6WJ84RH;
				ENABLE_PREVIEWS = YES;
				GENERATE_INFOPLIST_FILE = YES;
				INFOPLIST_KEY_UIApplicationSceneManifest_Generation = YES;
				INFOPLIST_KEY_UIApplicationSupportsIndirectInputEvents = YES;
				INFOPLIST_KEY_UILaunchScreen_Generation = YES;
				INFOPLIST_KEY_UISupportedInterfaceOrientations_iPad = "UIInterfaceOrientationPortrait UIInterfaceOrientationPortraitUpsideDown UIInterfaceOrientationLandscapeLeft UIInterfaceOrientationLandscapeRight";
				INFOPLIST_KEY_UISupportedInterfaceOrientations_iPhone = "UIInterfaceOrientationPortrait UIInterfaceOrientationLandscapeLeft UIInterfaceOrientationLandscapeRight";
				LD_RUNPATH_SEARCH_PATHS = (
					"$(inherited)",
					"@executable_path/Frameworks",
				);
				MARKETING_VERSION = 1.0;
				PRODUCT_BUNDLE_IDENTIFIER = "io.demoApp.twitterClone.TwitterClone-iOS";
				PRODUCT_NAME = "$(TARGET_NAME)";
				SWIFT_EMIT_LOC_STRINGS = YES;
				SWIFT_VERSION = 5.0;
				TARGETED_DEVICE_FAMILY = "1,2";
			};
			name = Release;
		};
/* End XCBuildConfiguration section */

/* Begin XCConfigurationList section */
		FCEC77022A0625600051D16E /* Build configuration list for PBXProject "TwitterClone_iOS" */ = {
			isa = XCConfigurationList;
			buildConfigurations = (
				FCEC77132A0625600051D16E /* Debug */,
				FCEC77142A0625600051D16E /* Release */,
			);
			defaultConfigurationIsVisible = 0;
			defaultConfigurationName = Release;
		};
		FCEC77152A0625600051D16E /* Build configuration list for PBXNativeTarget "TwitterClone_iOS" */ = {
			isa = XCConfigurationList;
			buildConfigurations = (
				FCEC77162A0625600051D16E /* Debug */,
				FCEC77172A0625600051D16E /* Release */,
			);
			defaultConfigurationIsVisible = 0;
			defaultConfigurationName = Release;
		};
/* End XCConfigurationList section */

/* Begin XCRemoteSwiftPackageReference section */
		FC3827FC2A9B5CC700F1F36B /* XCRemoteSwiftPackageReference "firebase-ios-sdk" */ = {
			isa = XCRemoteSwiftPackageReference;
			repositoryURL = "https://github.com/firebase/firebase-ios-sdk";
			requirement = {
				kind = upToNextMajorVersion;
				minimumVersion = 9.0.0;
			};
		};
		FC3AC82C2AA20B5B00F61A00 /* XCRemoteSwiftPackageReference "Kingfisher" */ = {
			isa = XCRemoteSwiftPackageReference;
			repositoryURL = "https://github.com/onevcat/Kingfisher.git";
			requirement = {
				kind = upToNextMajorVersion;
				minimumVersion = 7.0.0;
			};
		};
/* End XCRemoteSwiftPackageReference section */

/* Begin XCSwiftPackageProductDependency section */
		FC3827FD2A9B5CC700F1F36B /* FirebaseAuth */ = {
			isa = XCSwiftPackageProductDependency;
			package = FC3827FC2A9B5CC700F1F36B /* XCRemoteSwiftPackageReference "firebase-ios-sdk" */;
			productName = FirebaseAuth;
		};
		FC3827FF2A9B5CC700F1F36B /* FirebaseFirestore */ = {
			isa = XCSwiftPackageProductDependency;
			package = FC3827FC2A9B5CC700F1F36B /* XCRemoteSwiftPackageReference "firebase-ios-sdk" */;
			productName = FirebaseFirestore;
		};
		FC3828012A9B5CC700F1F36B /* FirebaseFirestoreSwift */ = {
			isa = XCSwiftPackageProductDependency;
			package = FC3827FC2A9B5CC700F1F36B /* XCRemoteSwiftPackageReference "firebase-ios-sdk" */;
			productName = FirebaseFirestoreSwift;
		};
		FC3828032A9B5CC700F1F36B /* FirebaseStorage */ = {
			isa = XCSwiftPackageProductDependency;
			package = FC3827FC2A9B5CC700F1F36B /* XCRemoteSwiftPackageReference "firebase-ios-sdk" */;
			productName = FirebaseStorage;
		};
		FC3AC82D2AA20B5B00F61A00 /* Kingfisher */ = {
			isa = XCSwiftPackageProductDependency;
			package = FC3AC82C2AA20B5B00F61A00 /* XCRemoteSwiftPackageReference "Kingfisher" */;
			productName = Kingfisher;
		};
/* End XCSwiftPackageProductDependency section */
	};
	rootObject = FCEC76FF2A0625600051D16E /* Project object */;
}
